
Microsoft Visual Studio Solution File, Format Version 12.00
# Visual Studio Version 17
VisualStudioVersion = 17.11.35222.181
MinimumVisualStudioVersion = 10.0.40219.1
Project("{FAE04EC0-301F-11D3-BF4B-00C04F79EFBC}") = "ChessApp", "ChessApp.csproj", "{39444F4F-8952-4AE7-828C-8F83F9F14214}"
EndProject
Global
	GlobalSection(SolutionConfigurationPlatforms) = preSolution
		Debug|Any CPU = Debug|Any CPU
		Release|Any CPU = Release|Any CPU
	EndGlobalSection
	GlobalSection(ProjectConfigurationPlatforms) = postSolution
		{39444F4F-8952-4AE7-828C-8F83F9F14214}.Debug|Any CPU.ActiveCfg = Debug|Any CPU
		{39444F4F-8952-4AE7-828C-8F83F9F14214}.Debug|Any CPU.Build.0 = Debug|Any CPU
		{39444F4F-8952-4AE7-828C-8F83F9F14214}.Release|Any CPU.ActiveCfg = Release|Any CPU
		{39444F4F-8952-4AE7-828C-8F83F9F14214}.Release|Any CPU.Build.0 = Release|Any CPU
	EndGlobalSection
	GlobalSection(SolutionProperties) = preSolution
		HideSolutionNode = FALSE
	EndGlobalSection
	GlobalSection(ExtensibilityGlobals) = postSolution
		SolutionGuid = {5080A869-D2F1-4911-AD0D-6FAE319FF7DA}
	EndGlobalSection
EndGlobal
